# THIS IS AN AUTOGENERATED FILE. DO NOT EDIT THIS FILE DIRECTLY.
# yarn lockfile v1


"typecript@^0.0.1-security":
  "integrity" "sha512-88WUWdO0zl/cC+X44m7TJkNssn0sTwZOSAyZu7ZmY6BfGJ4idVWJGjFmd6wEjS3yhWUYrAszzNMHZMIJ7h3ycg=="
  "resolved" "https://registry.npmjs.org/typecript/-/typecript-0.0.1-security.tgz"
  "version" "0.0.1-security"

"typescript@^4.6.4":
  "integrity" "sha512-9ia/jWHIEbo49HfjrLGfKbZSuWo9iTMwXO+Ca3pRsSpbsMbc7/IU8NKdCZVRRBafVPGnoJeFL76ZOAA84I9fEg=="
  "resolved" "https://registry.npmjs.org/typescript/-/typescript-4.6.4.tgz"
  "version" "4.6.4"
